
Microsoft Visual Studio Solution File, Format Version 12.00
# Visual Studio Version 16
VisualStudioVersion = 16.0.30011.22
MinimumVisualStudioVersion = 10.0.40219.1
Project("{9A19103F-16F7-4668-BE54-9A1E7A4F7556}") = "SBAdmin", "SBAdmin\SBAdmin.csproj", "{2A49EF60-0E15-4267-967F-FD55DC34559E}"
EndProject
Project("{9A19103F-16F7-4668-BE54-9A1E7A4F7556}") = "SBAdmin.Api", "SBAdmin.Api\SBAdmin.Api.csproj", "{2FE98FC6-C657-4955-AF60-98C179AE0295}"
EndProject
Project("{FAE04EC0-301F-11D3-BF4B-00C04F79EFBC}") = "SBAdmin.Core", "SBAdmin.Core\SBAdmin.Core.csproj", "{B94FF648-773F-4D4E-8C91-0E121EA254F5}"
EndProject
Project("{FAE04EC0-301F-11D3-BF4B-00C04F79EFBC}") = "SBAdmin.Data", "SBAdmin.Data\SBAdmin.Data.csproj", "{4809795C-0EFD-4807-BF40-5A8176199D27}"
EndProject
Project("{FAE04EC0-301F-11D3-BF4B-00C04F79EFBC}") = "SBAdmin.Services", "SBAdmin.Services\SBAdmin.Services.csproj", "{2A614A7B-3660-4416-923E-B45CF4760707}"
EndProject
Global
	GlobalSection(SolutionConfigurationPlatforms) = preSolution
		Debug|Any CPU = Debug|Any CPU
		Release|Any CPU = Release|Any CPU
	EndGlobalSection
	GlobalSection(ProjectConfigurationPlatforms) = postSolution
		{2A49EF60-0E15-4267-967F-FD55DC34559E}.Debug|Any CPU.ActiveCfg = Debug|Any CPU
		{2A49EF60-0E15-4267-967F-FD55DC34559E}.Debug|Any CPU.Build.0 = Debug|Any CPU
		{2A49EF60-0E15-4267-967F-FD55DC34559E}.Release|Any CPU.ActiveCfg = Release|Any CPU
		{2A49EF60-0E15-4267-967F-FD55DC34559E}.Release|Any CPU.Build.0 = Release|Any CPU
		{2FE98FC6-C657-4955-AF60-98C179AE0295}.Debug|Any CPU.ActiveCfg = Debug|Any CPU
		{2FE98FC6-C657-4955-AF60-98C179AE0295}.Debug|Any CPU.Build.0 = Debug|Any CPU
		{2FE98FC6-C657-4955-AF60-98C179AE0295}.Release|Any CPU.ActiveCfg = Release|Any CPU
		{2FE98FC6-C657-4955-AF60-98C179AE0295}.Release|Any CPU.Build.0 = Release|Any CPU
		{B94FF648-773F-4D4E-8C91-0E121EA254F5}.Debug|Any CPU.ActiveCfg = Debug|Any CPU
		{B94FF648-773F-4D4E-8C91-0E121EA254F5}.Debug|Any CPU.Build.0 = Debug|Any CPU
		{B94FF648-773F-4D4E-8C91-0E121EA254F5}.Release|Any CPU.ActiveCfg = Release|Any CPU
		{B94FF648-773F-4D4E-8C91-0E121EA254F5}.Release|Any CPU.Build.0 = Release|Any CPU
		{4809795C-0EFD-4807-BF40-5A8176199D27}.Debug|Any CPU.ActiveCfg = Debug|Any CPU
		{4809795C-0EFD-4807-BF40-5A8176199D27}.Debug|Any CPU.Build.0 = Debug|Any CPU
		{4809795C-0EFD-4807-BF40-5A8176199D27}.Release|Any CPU.ActiveCfg = Release|Any CPU
		{4809795C-0EFD-4807-BF40-5A8176199D27}.Release|Any CPU.Build.0 = Release|Any CPU
		{2A614A7B-3660-4416-923E-B45CF4760707}.Debug|Any CPU.ActiveCfg = Debug|Any CPU
		{2A614A7B-3660-4416-923E-B45CF4760707}.Debug|Any CPU.Build.0 = Debug|Any CPU
		{2A614A7B-3660-4416-923E-B45CF4760707}.Release|Any CPU.ActiveCfg = Release|Any CPU
		{2A614A7B-3660-4416-923E-B45CF4760707}.Release|Any CPU.Build.0 = Release|Any CPU
	EndGlobalSection
	GlobalSection(SolutionProperties) = preSolution
		HideSolutionNode = FALSE
	EndGlobalSection
	GlobalSection(ExtensibilityGlobals) = postSolution
		SolutionGuid = {5FCC4A43-4FE3-4684-B55D-60735CFAF876}
	EndGlobalSection
EndGlobal
